
Microsoft Visual Studio Solution File, Format Version 12.00
# Visual Studio Version 17
VisualStudioVersion = 17.3.32929.385
MinimumVisualStudioVersion = 10.0.40219.1
Project("{9A19103F-16F7-4668-BE54-9A1E7A4F7556}") = "Synapse.Revit", "Synapse.Revit\Synapse.Revit.csproj", "{7A560453-820D-4257-ADF5-C243E5BCC40D}"
EndProject
Project("{9A19103F-16F7-4668-BE54-9A1E7A4F7556}") = "Synapse.Client", "Synapse.Client\Synapse.Client.csproj", "{B26E6C92-F5D3-48DE-9993-6933B74C06AE}"
EndProject
Project("{9A19103F-16F7-4668-BE54-9A1E7A4F7556}") = "build", "build\build.csproj", "{1906C717-8470-472D-BF1E-AC80E4ECF6C1}"
EndProject
Global
	GlobalSection(SolutionConfigurationPlatforms) = preSolution
		Debug|Any CPU = Debug|Any CPU
		Release|Any CPU = Release|Any CPU
	EndGlobalSection
	GlobalSection(ProjectConfigurationPlatforms) = postSolution
		{7A560453-820D-4257-ADF5-C243E5BCC40D}.Debug|Any CPU.ActiveCfg = Debug|Any CPU
		{7A560453-820D-4257-ADF5-C243E5BCC40D}.Debug|Any CPU.Build.0 = Debug|Any CPU
		{7A560453-820D-4257-ADF5-C243E5BCC40D}.Release|Any CPU.ActiveCfg = Release|Any CPU
		{7A560453-820D-4257-ADF5-C243E5BCC40D}.Release|Any CPU.Build.0 = Release|Any CPU
		{B26E6C92-F5D3-48DE-9993-6933B74C06AE}.Debug|Any CPU.ActiveCfg = Debug|Any CPU
		{B26E6C92-F5D3-48DE-9993-6933B74C06AE}.Debug|Any CPU.Build.0 = Debug|Any CPU
		{B26E6C92-F5D3-48DE-9993-6933B74C06AE}.Release|Any CPU.ActiveCfg = Release|Any CPU
		{B26E6C92-F5D3-48DE-9993-6933B74C06AE}.Release|Any CPU.Build.0 = Release|Any CPU
		{1906C717-8470-472D-BF1E-AC80E4ECF6C1}.Debug|Any CPU.ActiveCfg = Debug|Any CPU
		{1906C717-8470-472D-BF1E-AC80E4ECF6C1}.Release|Any CPU.ActiveCfg = Release|Any CPU
	EndGlobalSection
	GlobalSection(SolutionProperties) = preSolution
		HideSolutionNode = FALSE
	EndGlobalSection
	GlobalSection(ExtensibilityGlobals) = postSolution
		SolutionGuid = {85B25734-3B3D-4802-89B6-5141CA64BB46}
	EndGlobalSection
EndGlobal
